{
  "name": "code-mirror-shield",
  "version": "0.0.1",
  "lockfileVersion": 1,
  "requires": true,
  "dependencies": {
    "@codemirror/autocomplete": {
      "version": "0.19.12",
      "resolved": "https://registry.npmjs.org/@codemirror/autocomplete/-/autocomplete-0.19.12.tgz",
      "integrity": "sha512-zUQYo5gMdv7vhxlKoAY/vnNCGzlE9AU7+P649v3ovpQpoFdo3U1Nt01EJqFb4Sfaw6l1U/Elc9Iksd1lDy+MVw==",
      "dev": true,
      "requires": {
        "@codemirror/language": "^0.19.0",
        "@codemirror/state": "^0.19.4",
        "@codemirror/text": "^0.19.2",
        "@codemirror/tooltip": "^0.19.12",
        "@codemirror/view": "^0.19.0",
        "@lezer/common": "^0.15.0"
      }
    },
    "@codemirror/basic-setup": {
      "version": "0.19.1",
      "resolved": "https://registry.npmjs.org/@codemirror/basic-setup/-/basic-setup-0.19.1.tgz",
      "integrity": "sha512-gLjD7YgZU/we6BzS/ecCmD3viw83dsgv5ZUaSydYbYx9X4w4w9RqYnckcJ+0GDyHfNr5Jtfv2Z5ZtFQnBj0UDA==",
      "dev": true,
      "requires": {
        "@codemirror/autocomplete": "^0.19.0",
        "@codemirror/closebrackets": "^0.19.0",
        "@codemirror/commands": "^0.19.0",
        "@codemirror/comment": "^0.19.0",
        "@codemirror/fold": "^0.19.0",
        "@codemirror/gutter": "^0.19.0",
        "@codemirror/highlight": "^0.19.0",
        "@codemirror/history": "^0.19.0",
        "@codemirror/language": "^0.19.0",
        "@codemirror/lint": "^0.19.0",
        "@codemirror/matchbrackets": "^0.19.0",
        "@codemirror/rectangular-selection": "^0.19.0",
        "@codemirror/search": "^0.19.0",
        "@codemirror/state": "^0.19.0",
        "@codemirror/view": "^0.19.31"
      }
    },
    "@codemirror/closebrackets": {
      "version": "0.19.0",
      "resolved": "https://registry.npmjs.org/@codemirror/closebrackets/-/closebrackets-0.19.0.tgz",
      "integrity": "sha512-dFWX5OEVYWRNtGaifSbwIAlymnRRjxWMiMbffbAjF7p0zfGHDbdGkiT56q3Xud63h5/tQdSo5dK1iyNTzHz5vg==",
      "dev": true,
      "requires": {
        "@codemirror/language": "^0.19.0",
        "@codemirror/rangeset": "^0.19.0",
        "@codemirror/state": "^0.19.0",
        "@codemirror/text": "^0.19.0",
        "@codemirror/view": "^0.19.0"
      }
    },
    "@codemirror/commands": {
      "version": "0.19.7",
      "resolved": "https://registry.npmjs.org/@codemirror/commands/-/commands-0.19.7.tgz",
      "integrity": "sha512-Mwh064xnuDbFw+9KJAi2Hmg8Va+YqQzgn6e/94/bSJavY3uuIBPr4vJp6pFEa1qPp40qs5/XJ01ty/0G3uLewA==",
      "dev": true,
      "requires": {
        "@codemirror/language": "^0.19.0",
        "@codemirror/matchbrackets": "^0.19.0",
        "@codemirror/state": "^0.19.2",
        "@codemirror/text": "^0.19.0",
        "@codemirror/view": "^0.19.22",
        "@lezer/common": "^0.15.0"
      }
    },
    "@codemirror/comment": {
      "version": "0.19.0",
      "resolved": "https://registry.npmjs.org/@codemirror/comment/-/comment-0.19.0.tgz",
      "integrity": "sha512-3hqAd0548fxqOBm4khFMcXVIivX8p0bSlbAuZJ6PNoUn/0wXhxkxowPp0FmFzU2+y37Z+ZQF5cRB5EREWPRIiQ==",
      "dev": true,
      "requires": {
        "@codemirror/state": "^0.19.0",
        "@codemirror/text": "^0.19.0",
        "@codemirror/view": "^0.19.0"
      }
    },
    "@codemirror/fold": {
      "version": "0.19.2",
      "resolved": "https://registry.npmjs.org/@codemirror/fold/-/fold-0.19.2.tgz",
      "integrity": "sha512-FLi6RBhHPBnSbKZEu1S98z+VYSP5678cMdYVqhR58OWWTkEiLRVPeCTj8FhRKNL9B8Gx+lBQhGq3uwr3KtSs8w==",
      "dev": true,
      "requires": {
        "@codemirror/gutter": "^0.19.0",
        "@codemirror/language": "^0.19.0",
        "@codemirror/rangeset": "^0.19.0",
        "@codemirror/state": "^0.19.0",
        "@codemirror/view": "^0.19.22"
      }
    },
    "@codemirror/gutter": {
      "version": "0.19.9",
      "resolved": "https://registry.npmjs.org/@codemirror/gutter/-/gutter-0.19.9.tgz",
      "integrity": "sha512-PFrtmilahin1g6uL27aG5tM/rqR9DZzZYZsIrCXA5Uc2OFTFqx4owuhoU9hqfYxHp5ovfvBwQ+txFzqS4vog6Q==",
      "dev": true,
      "requires": {
        "@codemirror/rangeset": "^0.19.0",
        "@codemirror/state": "^0.19.0",
        "@codemirror/view": "^0.19.23"
      }
    },
    "@codemirror/highlight": {
      "version": "0.19.7",
      "resolved": "https://registry.npmjs.org/@codemirror/highlight/-/highlight-0.19.7.tgz",
      "integrity": "sha512-3W32hBCY0pbbv/xidismw+RDMKuIag+fo4kZIbD7WoRj+Ttcaxjf+vP6RttRHXLaaqbWh031lTeON8kMlDhMYw==",
      "dev": true,
      "requires": {
        "@codemirror/language": "^0.19.0",
        "@codemirror/rangeset": "^0.19.0",
        "@codemirror/state": "^0.19.3",
        "@codemirror/view": "^0.19.0",
        "@lezer/common": "^0.15.0",
        "style-mod": "^4.0.0"
      }
    },
    "@codemirror/history": {
      "version": "0.19.2",
      "resolved": "https://registry.npmjs.org/@codemirror/history/-/history-0.19.2.tgz",
      "integrity": "sha512-unhP4t3N2smzmHoo/Yio6ueWi+il8gm9VKrvi6wlcdGH5fOfVDNkmjHQ495SiR+EdOG35+3iNebSPYww0vN7ow==",
      "dev": true,
      "requires": {
        "@codemirror/state": "^0.19.2",
        "@codemirror/view": "^0.19.0"
      }
    },
    "@codemirror/lang-javascript": {
      "version": "0.19.6",
      "resolved": "https://registry.npmjs.org/@codemirror/lang-javascript/-/lang-javascript-0.19.6.tgz",
      "integrity": "sha512-NgkoCIc3hdTNTBRIRuPqfUJ0WB798qEgwAgtjwYy6yoiK5CzbDS2z5CFW17h9RmaAx6t1m64iY2CZ3tC7r15Gw==",
      "dev": true,
      "requires": {
        "@codemirror/autocomplete": "^0.19.0",
        "@codemirror/highlight": "^0.19.7",
        "@codemirror/language": "^0.19.0",
        "@codemirror/lint": "^0.19.0",
        "@codemirror/state": "^0.19.0",
        "@codemirror/view": "^0.19.0",
        "@lezer/javascript": "^0.15.1"
      }
    },
    "@codemirror/language": {
      "version": "0.19.7",
      "resolved": "https://registry.npmjs.org/@codemirror/language/-/language-0.19.7.tgz",
      "integrity": "sha512-pNNUtYWMIMG0lUSKyUXJr8U0rFiCKsKFXbA2Oj17PC+S1FY99hV0z1vcntW67ekAIZw9DMEUQnLsKBuIbAUX7Q==",
      "dev": true,
      "requires": {
        "@codemirror/state": "^0.19.0",
        "@codemirror/text": "^0.19.0",
        "@codemirror/view": "^0.19.0",
        "@lezer/common": "^0.15.5",
        "@lezer/lr": "^0.15.0"
      }
    },
    "@codemirror/lint": {
      "version": "0.19.3",
      "resolved": "https://registry.npmjs.org/@codemirror/lint/-/lint-0.19.3.tgz",
      "integrity": "sha512-+c39s05ybD2NjghxkPFsUbH/qBL0cdzKmtHbzUm0RVspeL2OiP7uHYJ6J5+Qr9RjMIPWzcqSauRqxfmCrctUfg==",
      "dev": true,
      "requires": {
        "@codemirror/gutter": "^0.19.4",
        "@codemirror/panel": "^0.19.0",
        "@codemirror/rangeset": "^0.19.1",
        "@codemirror/state": "^0.19.4",
        "@codemirror/tooltip": "^0.19.5",
        "@codemirror/view": "^0.19.0",
        "crelt": "^1.0.5"
      }
    },
    "@codemirror/matchbrackets": {
      "version": "0.19.3",
      "resolved": "https://registry.npmjs.org/@codemirror/matchbrackets/-/matchbrackets-0.19.3.tgz",
      "integrity": "sha512-ljkrBxaLgh8jesroUiBa57pdEwqJamxkukXrJpL9LdyFZVJaF+9TldhztRaMsMZO1XnCSSHQ9sg32iuHo7Sc2g==",
      "dev": true,
      "requires": {
        "@codemirror/language": "^0.19.0",
        "@codemirror/state": "^0.19.0",
        "@codemirror/view": "^0.19.0",
        "@lezer/common": "^0.15.0"
      }
    },
    "@codemirror/panel": {
      "version": "0.19.1",
      "resolved": "https://registry.npmjs.org/@codemirror/panel/-/panel-0.19.1.tgz",
      "integrity": "sha512-sYeOCMA3KRYxZYJYn5PNlt9yNsjy3zTNTrbYSfVgjgL9QomIVgOJWPO5hZ2sTN8lufO6lw0vTBsIPL9MSidmBg==",
      "dev": true,
      "requires": {
        "@codemirror/state": "^0.19.0",
        "@codemirror/view": "^0.19.0"
      }
    },
    "@codemirror/rangeset": {
      "version": "0.19.6",
      "resolved": "https://registry.npmjs.org/@codemirror/rangeset/-/rangeset-0.19.6.tgz",
      "integrity": "sha512-wYtgGnW2Jtrh2nj7vpcBoEZib+jfyilrLN6w7YMTzzSRN8xXhYRorOUg4VQIa1JwFcMQrjSCkIdqXsDqOX1cYg==",
      "dev": true,
      "requires": {
        "@codemirror/state": "^0.19.0"
      }
    },
    "@codemirror/rectangular-selection": {
      "version": "0.19.1",
      "resolved": "https://registry.npmjs.org/@codemirror/rectangular-selection/-/rectangular-selection-0.19.1.tgz",
      "integrity": "sha512-9ElnqOg3mpZIWe0prPRd1SZ48Q9QB3bR8Aocq8UtjboJSUG8ABhRrbuTZMW/rMqpBPSjVpCe9xkCCkEQMYQVmw==",
      "dev": true,
      "requires": {
        "@codemirror/state": "^0.19.0",
        "@codemirror/text": "^0.19.4",
        "@codemirror/view": "^0.19.0"
      }
    },
    "@codemirror/search": {
      "version": "0.19.5",
      "resolved": "https://registry.npmjs.org/@codemirror/search/-/search-0.19.5.tgz",
      "integrity": "sha512-9kbtCBpMDlzcj7AptMRBx9BZpC5wz+/tG8nIe4vdpOszP08ZY2AcxN5nlhCoUSZu+pd0b6fYiwjLXOf000rRpw==",
      "dev": true,
      "requires": {
        "@codemirror/panel": "^0.19.0",
        "@codemirror/rangeset": "^0.19.0",
        "@codemirror/state": "^0.19.3",
        "@codemirror/text": "^0.19.0",
        "@codemirror/view": "^0.19.0",
        "crelt": "^1.0.5"
      }
    },
    "@codemirror/state": {
      "version": "0.19.6",
      "resolved": "https://registry.npmjs.org/@codemirror/state/-/state-0.19.6.tgz",
      "integrity": "sha512-sqIQZE9VqwQj7D4c2oz9mfLhlT1ElAzGB5lO1lE33BPyrdNy1cJyCIOecT4cn4VeJOFrnjOeu+IftZ3zqdFETw==",
      "dev": true,
      "requires": {
        "@codemirror/text": "^0.19.0"
      }
    },
    "@codemirror/text": {
      "version": "0.19.6",
      "resolved": "https://registry.npmjs.org/@codemirror/text/-/text-0.19.6.tgz",
      "integrity": "sha512-T9jnREMIygx+TPC1bOuepz18maGq/92q2a+n4qTqObKwvNMg+8cMTslb8yxeEDEq7S3kpgGWxgO1UWbQRij0dA==",
      "dev": true
    },
    "@codemirror/tooltip": {
      "version": "0.19.12",
      "resolved": "https://registry.npmjs.org/@codemirror/tooltip/-/tooltip-0.19.12.tgz",
      "integrity": "sha512-EjF00T/wo+3cKGX1OOiBJF4wgDqtErzKuEqcBQsB2M2kX2O8slzQ0Z0+l5nV2JCe8RpEsz+rWGikjghasokRmw==",
      "dev": true,
      "requires": {
        "@codemirror/state": "^0.19.0",
        "@codemirror/view": "^0.19.0"
      }
    },
    "@codemirror/view": {
      "version": "0.19.39",
      "resolved": "https://registry.npmjs.org/@codemirror/view/-/view-0.19.39.tgz",
      "integrity": "sha512-ol4smHAwhWkW8p1diPZiZkLZVmKybKhQigwyrgdF7k1UFNY+/KDH4w2xic8JQXxX+v0ppMsoNf11C+afKJze5g==",
      "dev": true,
      "requires": {
        "@codemirror/rangeset": "^0.19.5",
        "@codemirror/state": "^0.19.3",
        "@codemirror/text": "^0.19.0",
        "style-mod": "^4.0.0",
        "w3c-keyname": "^2.2.4"
      }
    },
    "@lezer/common": {
      "version": "0.15.11",
      "resolved": "https://registry.npmjs.org/@lezer/common/-/common-0.15.11.tgz",
      "integrity": "sha512-vv0nSdIaVCRcJ8rPuDdsrNVfBOYe/4Szr/LhF929XyDmBndLDuWiCCHooGlGlJfzELyO608AyDhVsuX/ZG36NA==",
      "dev": true
    },
    "@lezer/javascript": {
      "version": "0.15.2",
      "resolved": "https://registry.npmjs.org/@lezer/javascript/-/javascript-0.15.2.tgz",
      "integrity": "sha512-ytWvdJ1NAc0pfrNipGQs8otJVfjVibpIiFKH0fl99rKSA6cVlyQN/XTj/dEAQCfBfCBPAFdc30cuUe5CGZ0odA==",
      "dev": true,
      "requires": {
        "@lezer/lr": "^0.15.0"
      }
    },
    "@lezer/lr": {
      "version": "0.15.6",
      "resolved": "https://registry.npmjs.org/@lezer/lr/-/lr-0.15.6.tgz",
      "integrity": "sha512-LBqPzUjeW5GRdxHyUlAn6VdpyutV74fIaAtooYdU8dWz5wUjdO5eA1FyHpl1KAhFycoMmjI8D96NJZ0MRNyLJg==",
      "dev": true,
      "requires": {
        "@lezer/common": "^0.15.0"
      }
    },
    "@rollup/plugin-node-resolve": {
      "version": "13.1.3",
      "resolved": "https://registry.npmjs.org/@rollup/plugin-node-resolve/-/plugin-node-resolve-13.1.3.tgz",
      "integrity": "sha512-BdxNk+LtmElRo5d06MGY4zoepyrXX1tkzX2hrnPEZ53k78GuOMWLqmJDGIIOPwVRIFZrLQOo+Yr6KtCuLIA0AQ==",
      "dev": true,
      "requires": {
        "@rollup/pluginutils": "^3.1.0",
        "@types/resolve": "1.17.1",
        "builtin-modules": "^3.1.0",
        "deepmerge": "^4.2.2",
        "is-module": "^1.0.0",
        "resolve": "^1.19.0"
      }
    },
    "@rollup/pluginutils": {
      "version": "3.1.0",
      "resolved": "https://registry.npmjs.org/@rollup/pluginutils/-/pluginutils-3.1.0.tgz",
      "integrity": "sha512-GksZ6pr6TpIjHm8h9lSQ8pi8BE9VeubNT0OMJ3B5uZJ8pz73NPiqOtCog/x2/QzM1ENChPKxMDhiQuRHsqc+lg==",
      "dev": true,
      "requires": {
        "@types/estree": "0.0.39",
        "estree-walker": "^1.0.1",
        "picomatch": "^2.2.2"
      }
    },
    "@types/estree": {
      "version": "0.0.39",
      "resolved": "https://registry.npmjs.org/@types/estree/-/estree-0.0.39.tgz",
      "integrity": "sha512-EYNwp3bU+98cpU4lAWYYL7Zz+2gryWH1qbdDTidVd6hkiR6weksdbMadyXKXNPEkQFhXM+hVO9ZygomHXp+AIw==",
      "dev": true
    },
    "@types/node": {
      "version": "17.0.8",
      "resolved": "https://registry.npmjs.org/@types/node/-/node-17.0.8.tgz",
      "integrity": "sha512-YofkM6fGv4gDJq78g4j0mMuGMkZVxZDgtU0JRdx6FgiJDG+0fY0GKVolOV8WqVmEhLCXkQRjwDdKyPxJp/uucg==",
      "dev": true
    },
    "@types/resolve": {
      "version": "1.17.1",
      "resolved": "https://registry.npmjs.org/@types/resolve/-/resolve-1.17.1.tgz",
      "integrity": "sha512-yy7HuzQhj0dhGpD8RLXSZWEkLsV9ibvxvi6EiJ3bkqLAO1RGo0WbkWQiwpRlSFymTJRz0d3k5LM3kkx8ArDbLw==",
      "dev": true,
      "requires": {
        "@types/node": "*"
      }
    },
    "builtin-modules": {
      "version": "3.2.0",
      "resolved": "https://registry.npmjs.org/builtin-modules/-/builtin-modules-3.2.0.tgz",
      "integrity": "sha512-lGzLKcioL90C7wMczpkY0n/oART3MbBa8R9OFGE1rJxoVI86u4WAGfEk8Wjv10eKSyTHVGkSo3bvBylCEtk7LA==",
      "dev": true
    },
    "crelt": {
      "version": "1.0.5",
      "resolved": "https://registry.npmjs.org/crelt/-/crelt-1.0.5.tgz",
      "integrity": "sha512-+BO9wPPi+DWTDcNYhr/W90myha8ptzftZT+LwcmUbbok0rcP/fequmFYCw8NMoH7pkAZQzU78b3kYrlua5a9eA==",
      "dev": true
    },
    "deepmerge": {
      "version": "4.2.2",
      "resolved": "https://registry.npmjs.org/deepmerge/-/deepmerge-4.2.2.tgz",
      "integrity": "sha512-FJ3UgI4gIl+PHZm53knsuSFpE+nESMr7M4v9QcgB7S63Kj/6WqMiFQJpBBYz1Pt+66bZpP3Q7Lye0Oo9MPKEdg==",
      "dev": true
    },
    "estree-walker": {
      "version": "1.0.1",
      "resolved": "https://registry.npmjs.org/estree-walker/-/estree-walker-1.0.1.tgz",
      "integrity": "sha512-1fMXF3YP4pZZVozF8j/ZLfvnR8NSIljt56UhbZ5PeeDmmGHpgpdwQt7ITlGvYaQukCvuBRMLEiKiYC+oeIg4cg==",
      "dev": true
    },
    "fsevents": {
      "version": "2.3.2",
      "resolved": "https://registry.npmjs.org/fsevents/-/fsevents-2.3.2.tgz",
      "integrity": "sha512-xiqMQR4xAeHTuB9uWm+fFRcIOgKBMiOBP+eXiyT7jsgVCq1bkVygt00oASowB7EdtpOHaaPgKt812P9ab+DDKA==",
      "dev": true,
      "optional": true
    },
    "function-bind": {
      "version": "1.1.1",
      "resolved": "https://registry.npmjs.org/function-bind/-/function-bind-1.1.1.tgz",
      "integrity": "sha512-yIovAzMX49sF8Yl58fSCWJ5svSLuaibPxXQJFLmBObTuCr0Mf1KiPopGM9NiFjiYBCbfaa2Fh6breQ6ANVTI0A==",
      "dev": true
    },
    "has": {
      "version": "1.0.3",
      "resolved": "https://registry.npmjs.org/has/-/has-1.0.3.tgz",
      "integrity": "sha512-f2dvO0VU6Oej7RkWJGrehjbzMAjFp5/VKPp5tTpWIV4JHHZK1/BxbFRtf/siA2SWTe09caDmVtYYzWEIbBS4zw==",
      "dev": true,
      "requires": {
        "function-bind": "^1.1.1"
      }
    },
    "is-core-module": {
      "version": "2.8.1",
      "resolved": "https://registry.npmjs.org/is-core-module/-/is-core-module-2.8.1.tgz",
      "integrity": "sha512-SdNCUs284hr40hFTFP6l0IfZ/RSrMXF3qgoRHd3/79unUTvrFO/JoXwkGm+5J/Oe3E/b5GsnG330uUNgRpu1PA==",
      "dev": true,
      "requires": {
        "has": "^1.0.3"
      }
    },
    "is-module": {
      "version": "1.0.0",
      "resolved": "https://registry.npmjs.org/is-module/-/is-module-1.0.0.tgz",
      "integrity": "sha1-Mlj7afeMFNW4FdZkM2tM/7ZEFZE=",
      "dev": true
    },
    "path-parse": {
      "version": "1.0.7",
      "resolved": "https://registry.npmjs.org/path-parse/-/path-parse-1.0.7.tgz",
      "integrity": "sha512-LDJzPVEEEPR+y48z93A0Ed0yXb8pAByGWo/k5YYdYgpY2/2EsOsksJrq7lOHxryrVOn1ejG6oAp8ahvOIQD8sw==",
      "dev": true
    },
    "picomatch": {
      "version": "2.3.1",
      "resolved": "https://registry.npmjs.org/picomatch/-/picomatch-2.3.1.tgz",
      "integrity": "sha512-JU3teHTNjmE2VCGFzuY8EXzCDVwEqB2a8fsIvwaStHhAWJEeVd1o1QD80CU6+ZdEXXSLbSsuLwJjkCBWqRQUVA==",
      "dev": true
    },
    "resolve": {
      "version": "1.21.0",
      "resolved": "https://registry.npmjs.org/resolve/-/resolve-1.21.0.tgz",
      "integrity": "sha512-3wCbTpk5WJlyE4mSOtDLhqQmGFi0/TD9VPwmiolnk8U0wRgMEktqCXd3vy5buTO3tljvalNvKrjHEfrd2WpEKA==",
      "dev": true,
      "requires": {
        "is-core-module": "^2.8.0",
        "path-parse": "^1.0.7",
        "supports-preserve-symlinks-flag": "^1.0.0"
      }
    },
    "rollup": {
      "version": "2.64.0",
      "resolved": "https://registry.npmjs.org/rollup/-/rollup-2.64.0.tgz",
      "integrity": "sha512-+c+lbw1lexBKSMb1yxGDVfJ+vchJH3qLbmavR+awDinTDA2C5Ug9u7lkOzj62SCu0PKUExsW36tpgW7Fmpn3yQ==",
      "dev": true,
      "requires": {
        "fsevents": "~2.3.2"
      }
    },
    "style-mod": {
      "version": "4.0.0",
      "resolved": "https://registry.npmjs.org/style-mod/-/style-mod-4.0.0.tgz",
      "integrity": "sha512-OPhtyEjyyN9x3nhPsu76f52yUGXiZcgvsrFVtvTkyGRQJ0XK+GPc6ov1z+lRpbeabka+MYEQxOYRnt5nF30aMw==",
      "dev": true
    },
    "supports-preserve-symlinks-flag": {
      "version": "1.0.0",
      "resolved": "https://registry.npmjs.org/supports-preserve-symlinks-flag/-/supports-preserve-symlinks-flag-1.0.0.tgz",
      "integrity": "sha512-ot0WnXS9fgdkgIcePe6RHNk1WA8+muPa6cSjeR3V8K27q9BB1rTE3R1p7Hv0z1ZyAc8s6Vvv8DIyWf681MAt0w==",
      "dev": true
    },
    "w3c-keyname": {
      "version": "2.2.4",
      "resolved": "https://registry.npmjs.org/w3c-keyname/-/w3c-keyname-2.2.4.tgz",
      "integrity": "sha512-tOhfEwEzFLJzf6d1ZPkYfGj+FWhIpBux9ppoP3rlclw3Z0BZv3N7b7030Z1kYth+6rDuAsXUFr+d0VE6Ed1ikw==",
      "dev": true
    }
  }
}
